
Microsoft Visual Studio Solution File, Format Version 12.00
# Visual Studio Version 16
VisualStudioVersion = 16.0.31313.79
MinimumVisualStudioVersion = 10.0.40219.1
Project("{FAE04EC0-301F-11D3-BF4B-00C04F79EFBC}") = "TCMS_Web", "TCMS_Web\TCMS_Web.csproj", "{C342EBAC-FC36-4ABF-AF3F-D22A7AB686B8}"
EndProject
Project("{FAE04EC0-301F-11D3-BF4B-00C04F79EFBC}") = "Models", "Models\Models.csproj", "{32B09D8B-251F-4311-BF31-69B48AC63EE0}"
EndProject
Project("{FAE04EC0-301F-11D3-BF4B-00C04F79EFBC}") = "DataAccess", "DataAccess\DataAccess.csproj", "{7B76A569-CB7E-4AE8-8D41-CBA41A32AEC1}"
EndProject
Global
	GlobalSection(SolutionConfigurationPlatforms) = preSolution
		Debug|Any CPU = Debug|Any CPU
		Release|Any CPU = Release|Any CPU
	EndGlobalSection
	GlobalSection(ProjectConfigurationPlatforms) = postSolution
		{C342EBAC-FC36-4ABF-AF3F-D22A7AB686B8}.Debug|Any CPU.ActiveCfg = Debug|Any CPU
		{C342EBAC-FC36-4ABF-AF3F-D22A7AB686B8}.Debug|Any CPU.Build.0 = Debug|Any CPU
		{C342EBAC-FC36-4ABF-AF3F-D22A7AB686B8}.Release|Any CPU.ActiveCfg = Release|Any CPU
		{C342EBAC-FC36-4ABF-AF3F-D22A7AB686B8}.Release|Any CPU.Build.0 = Release|Any CPU
		{32B09D8B-251F-4311-BF31-69B48AC63EE0}.Debug|Any CPU.ActiveCfg = Debug|Any CPU
		{32B09D8B-251F-4311-BF31-69B48AC63EE0}.Debug|Any CPU.Build.0 = Debug|Any CPU
		{32B09D8B-251F-4311-BF31-69B48AC63EE0}.Release|Any CPU.ActiveCfg = Release|Any CPU
		{32B09D8B-251F-4311-BF31-69B48AC63EE0}.Release|Any CPU.Build.0 = Release|Any CPU
		{7B76A569-CB7E-4AE8-8D41-CBA41A32AEC1}.Debug|Any CPU.ActiveCfg = Debug|Any CPU
		{7B76A569-CB7E-4AE8-8D41-CBA41A32AEC1}.Debug|Any CPU.Build.0 = Debug|Any CPU
		{7B76A569-CB7E-4AE8-8D41-CBA41A32AEC1}.Release|Any CPU.ActiveCfg = Release|Any CPU
		{7B76A569-CB7E-4AE8-8D41-CBA41A32AEC1}.Release|Any CPU.Build.0 = Release|Any CPU
	EndGlobalSection
	GlobalSection(SolutionProperties) = preSolution
		HideSolutionNode = FALSE
	EndGlobalSection
	GlobalSection(ExtensibilityGlobals) = postSolution
		SolutionGuid = {C11AC0FD-AF51-4520-B327-78890C9370AE}
	EndGlobalSection
EndGlobal
